
Microsoft Visual Studio Solution File, Format Version 12.00
# Visual Studio 2012
Project("{FAE04EC0-301F-11D3-BF4B-00C04F79EFBC}") = "LightingModels", "LightingModels\LightingModels.csproj", "{FDE09677-2CF1-4670-A2CE-842A9CD43B02}"
EndProject
Project("{FAE04EC0-301F-11D3-BF4B-00C04F79EFBC}") = "Version2", "Version2\Version2.csproj", "{98123478-A2F7-4106-8032-39CCF08828CF}"
EndProject
Global
	GlobalSection(SolutionConfigurationPlatforms) = preSolution
		Debug|Any CPU = Debug|Any CPU
		Release|Any CPU = Release|Any CPU
	EndGlobalSection
	GlobalSection(ProjectConfigurationPlatforms) = postSolution
		{FDE09677-2CF1-4670-A2CE-842A9CD43B02}.Debug|Any CPU.ActiveCfg = Debug|Any CPU
		{FDE09677-2CF1-4670-A2CE-842A9CD43B02}.Debug|Any CPU.Build.0 = Debug|Any CPU
		{FDE09677-2CF1-4670-A2CE-842A9CD43B02}.Release|Any CPU.ActiveCfg = Release|Any CPU
		{FDE09677-2CF1-4670-A2CE-842A9CD43B02}.Release|Any CPU.Build.0 = Release|Any CPU
		{98123478-A2F7-4106-8032-39CCF08828CF}.Debug|Any CPU.ActiveCfg = Debug|Any CPU
		{98123478-A2F7-4106-8032-39CCF08828CF}.Debug|Any CPU.Build.0 = Debug|Any CPU
		{98123478-A2F7-4106-8032-39CCF08828CF}.Release|Any CPU.ActiveCfg = Release|Any CPU
		{98123478-A2F7-4106-8032-39CCF08828CF}.Release|Any CPU.Build.0 = Release|Any CPU
	EndGlobalSection
	GlobalSection(SolutionProperties) = preSolution
		HideSolutionNode = FALSE
	EndGlobalSection
EndGlobal
